// !$*UTF8*$!
{
	archiveVersion = 1;
	classes = {
	};
	objectVersion = 56;
	objects = {

/* Begin PBXBuildFile section */
		D0660BD92A8A3013000C1A61 /* ExportViewViewModel.swift in Sources */ = {isa = PBXBuildFile; fileRef = D0660BD82A8A3013000C1A61 /* ExportViewViewModel.swift */; };
		D0660BDB2A8A33ED000C1A61 /* Song.swift in Sources */ = {isa = PBXBuildFile; fileRef = D0660BDA2A8A33ED000C1A61 /* Song.swift */; };
		D0B960C12B46E5B900E4B81E /* SpotifyAPI in Frameworks */ = {isa = PBXBuildFile; productRef = D0B960C02B46E5B900E4B81E /* SpotifyAPI */; };
		D0C45C5E2B454E5E006CF409 /* SpotifyView.swift in Sources */ = {isa = PBXBuildFile; fileRef = D0C45C5D2B454E5E006CF409 /* SpotifyView.swift */; };
		D0C45C602B4552C6006CF409 /* SpotiftyViewModel.swift in Sources */ = {isa = PBXBuildFile; fileRef = D0C45C5F2B4552C6006CF409 /* SpotiftyViewModel.swift */; };
		D0C621ED29C1114F0018B359 /* music_library_extractorApp.swift in Sources */ = {isa = PBXBuildFile; fileRef = D0C621EC29C1114F0018B359 /* music_library_extractorApp.swift */; };
		D0C621EF29C1114F0018B359 /* ContentView.swift in Sources */ = {isa = PBXBuildFile; fileRef = D0C621EE29C1114F0018B359 /* ContentView.swift */; };
		D0C621F129C111510018B359 /* Assets.xcassets in Resources */ = {isa = PBXBuildFile; fileRef = D0C621F029C111510018B359 /* Assets.xcassets */; };
		D0C621F429C111510018B359 /* Preview Assets.xcassets in Resources */ = {isa = PBXBuildFile; fileRef = D0C621F329C111510018B359 /* Preview Assets.xcassets */; };
		D0C621FF29C122C70018B359 /* iTunesLibrary.framework in Frameworks */ = {isa = PBXBuildFile; fileRef = D0C621FE29C122C70018B359 /* iTunesLibrary.framework */; };
		D0D6AB2C2A85050F00D4CD17 /* MainView.swift in Sources */ = {isa = PBXBuildFile; fileRef = D0D6AB2B2A85050F00D4CD17 /* MainView.swift */; };
		D0D6AB2E2A85052500D4CD17 /* ResultsView.swift in Sources */ = {isa = PBXBuildFile; fileRef = D0D6AB2D2A85052500D4CD17 /* ResultsView.swift */; };
		D0D6AB302A85053200D4CD17 /* ExportView.swift in Sources */ = {isa = PBXBuildFile; fileRef = D0D6AB2F2A85053200D4CD17 /* ExportView.swift */; };
		D0D6AB382A88E39800D4CD17 /* MenuNavigationView.swift in Sources */ = {isa = PBXBuildFile; fileRef = D0D6AB372A88E39800D4CD17 /* MenuNavigationView.swift */; };
		D0D6AB3A2A88E3AD00D4CD17 /* MenuView.swift in Sources */ = {isa = PBXBuildFile; fileRef = D0D6AB392A88E3AD00D4CD17 /* MenuView.swift */; };
		D0D6AB3C2A88EBAB00D4CD17 /* MenuItem.swift in Sources */ = {isa = PBXBuildFile; fileRef = D0D6AB3B2A88EBAB00D4CD17 /* MenuItem.swift */; };
		D0D6AB3E2A891B2900D4CD17 /* LibraryViewModel.swift in Sources */ = {isa = PBXBuildFile; fileRef = D0D6AB3D2A891B2900D4CD17 /* LibraryViewModel.swift */; };
		D0F855F72A8B8F10005F7D08 /* CodableCSV in Frameworks */ = {isa = PBXBuildFile; productRef = D0F855F62A8B8F10005F7D08 /* CodableCSV */; };
/* End PBXBuildFile section */

/* Begin PBXFileReference section */
		D0660BD82A8A3013000C1A61 /* ExportViewViewModel.swift */ = {isa = PBXFileReference; lastKnownFileType = sourcecode.swift; path = ExportViewViewModel.swift; sourceTree = "<group>"; };
		D0660BDA2A8A33ED000C1A61 /* Song.swift */ = {isa = PBXFileReference; lastKnownFileType = sourcecode.swift; path = Song.swift; sourceTree = "<group>"; };
		D0B960C22B46ED1C00E4B81E /* Info.plist */ = {isa = PBXFileReference; lastKnownFileType = text.plist; path = Info.plist; sourceTree = "<group>"; };
		D0C45C5D2B454E5E006CF409 /* SpotifyView.swift */ = {isa = PBXFileReference; lastKnownFileType = sourcecode.swift; path = SpotifyView.swift; sourceTree = "<group>"; };
		D0C45C5F2B4552C6006CF409 /* SpotiftyViewModel.swift */ = {isa = PBXFileReference; lastKnownFileType = sourcecode.swift; path = SpotiftyViewModel.swift; sourceTree = "<group>"; };
		D0C621E929C1114F0018B359 /* Music Library Extractor.app */ = {isa = PBXFileReference; explicitFileType = wrapper.application; includeInIndex = 0; path = "Music Library Extractor.app"; sourceTree = BUILT_PRODUCTS_DIR; };
		D0C621EC29C1114F0018B359 /* music_library_extractorApp.swift */ = {isa = PBXFileReference; lastKnownFileType = sourcecode.swift; path = music_library_extractorApp.swift; sourceTree = "<group>"; };
		D0C621EE29C1114F0018B359 /* ContentView.swift */ = {isa = PBXFileReference; lastKnownFileType = sourcecode.swift; path = ContentView.swift; sourceTree = "<group>"; };
		D0C621F029C111510018B359 /* Assets.xcassets */ = {isa = PBXFileReference; lastKnownFileType = folder.assetcatalog; path = Assets.xcassets; sourceTree = "<group>"; };
		D0C621F329C111510018B359 /* Preview Assets.xcassets */ = {isa = PBXFileReference; lastKnownFileType = folder.assetcatalog; path = "Preview Assets.xcassets"; sourceTree = "<group>"; };
		D0C621F529C111510018B359 /* music_library_extractor.entitlements */ = {isa = PBXFileReference; lastKnownFileType = text.plist.entitlements; path = music_library_extractor.entitlements; sourceTree = "<group>"; };
		D0C621FE29C122C70018B359 /* iTunesLibrary.framework */ = {isa = PBXFileReference; lastKnownFileType = wrapper.framework; name = iTunesLibrary.framework; path = System/Library/Frameworks/iTunesLibrary.framework; sourceTree = SDKROOT; };
		D0D6AB2B2A85050F00D4CD17 /* MainView.swift */ = {isa = PBXFileReference; lastKnownFileType = sourcecode.swift; path = MainView.swift; sourceTree = "<group>"; };
		D0D6AB2D2A85052500D4CD17 /* ResultsView.swift */ = {isa = PBXFileReference; lastKnownFileType = sourcecode.swift; path = ResultsView.swift; sourceTree = "<group>"; };
		D0D6AB2F2A85053200D4CD17 /* ExportView.swift */ = {isa = PBXFileReference; lastKnownFileType = sourcecode.swift; path = ExportView.swift; sourceTree = "<group>"; };
		D0D6AB372A88E39800D4CD17 /* MenuNavigationView.swift */ = {isa = PBXFileReference; lastKnownFileType = sourcecode.swift; path = MenuNavigationView.swift; sourceTree = "<group>"; };
		D0D6AB392A88E3AD00D4CD17 /* MenuView.swift */ = {isa = PBXFileReference; lastKnownFileType = sourcecode.swift; path = MenuView.swift; sourceTree = "<group>"; };
		D0D6AB3B2A88EBAB00D4CD17 /* MenuItem.swift */ = {isa = PBXFileReference; lastKnownFileType = sourcecode.swift; path = MenuItem.swift; sourceTree = "<group>"; };
		D0D6AB3D2A891B2900D4CD17 /* LibraryViewModel.swift */ = {isa = PBXFileReference; lastKnownFileType = sourcecode.swift; path = LibraryViewModel.swift; sourceTree = "<group>"; };
/* End PBXFileReference section */

/* Begin PBXFrameworksBuildPhase section */
		D0C621E629C1114F0018B359 /* Frameworks */ = {
			isa = PBXFrameworksBuildPhase;
			buildActionMask = 2147483647;
			files = (
				D0F855F72A8B8F10005F7D08 /* CodableCSV in Frameworks */,
				D0B960C12B46E5B900E4B81E /* SpotifyAPI in Frameworks */,
				D0C621FF29C122C70018B359 /* iTunesLibrary.framework in Frameworks */,
			);
			runOnlyForDeploymentPostprocessing = 0;
		};
/* End PBXFrameworksBuildPhase section */

/* Begin PBXGroup section */
		D0C621E029C1114F0018B359 = {
			isa = PBXGroup;
			children = (
				D0C621EB29C1114F0018B359 /* music-library-extractor */,
				D0C621EA29C1114F0018B359 /* Products */,
				D0C621FD29C122C60018B359 /* Frameworks */,
			);
			sourceTree = "<group>";
		};
		D0C621EA29C1114F0018B359 /* Products */ = {
			isa = PBXGroup;
			children = (
				D0C621E929C1114F0018B359 /* Music Library Extractor.app */,
			);
			name = Products;
			sourceTree = "<group>";
		};
		D0C621EB29C1114F0018B359 /* music-library-extractor */ = {
			isa = PBXGroup;
			children = (
				D0B960C22B46ED1C00E4B81E /* Info.plist */,
				D0D6AB292A8501A600D4CD17 /* Models */,
				D0D6AB282A85019E00D4CD17 /* Navigation */,
				D0D6AB272A85018C00D4CD17 /* ViewModels */,
				D0D6AB262A85018500D4CD17 /* Views */,
				D0C621FC29C118B80018B359 /* resources */,
				D0C621FB29C118AE0018B359 /* sources */,
				D0C621F229C111510018B359 /* Preview Content */,
			);
			path = "music-library-extractor";
			sourceTree = "<group>";
		};
		D0C621F229C111510018B359 /* Preview Content */ = {
			isa = PBXGroup;
			children = (
				D0C621F329C111510018B359 /* Preview Assets.xcassets */,
			);
			path = "Preview Content";
			sourceTree = "<group>";
		};
		D0C621FB29C118AE0018B359 /* sources */ = {
			isa = PBXGroup;
			children = (
				D0C621EC29C1114F0018B359 /* music_library_extractorApp.swift */,
				D0C621EE29C1114F0018B359 /* ContentView.swift */,
			);
			path = sources;
			sourceTree = "<group>";
		};
		D0C621FC29C118B80018B359 /* resources */ = {
			isa = PBXGroup;
			children = (
				D0C621F029C111510018B359 /* Assets.xcassets */,
				D0C621F529C111510018B359 /* music_library_extractor.entitlements */,
			);
			path = resources;
			sourceTree = "<group>";
		};
		D0C621FD29C122C60018B359 /* Frameworks */ = {
			isa = PBXGroup;
			children = (
				D0C621FE29C122C70018B359 /* iTunesLibrary.framework */,
			);
			name = Frameworks;
			sourceTree = "<group>";
		};
		D0D6AB262A85018500D4CD17 /* Views */ = {
			isa = PBXGroup;
			children = (
				D0D6AB2B2A85050F00D4CD17 /* MainView.swift */,
				D0D6AB2D2A85052500D4CD17 /* ResultsView.swift */,
				D0D6AB2F2A85053200D4CD17 /* ExportView.swift */,
				D0C45C5D2B454E5E006CF409 /* SpotifyView.swift */,
			);
			path = Views;
			sourceTree = "<group>";
		};
		D0D6AB272A85018C00D4CD17 /* ViewModels */ = {
			isa = PBXGroup;
			children = (
				D0D6AB3D2A891B2900D4CD17 /* LibraryViewModel.swift */,
				D0660BD82A8A3013000C1A61 /* ExportViewViewModel.swift */,
				D0C45C5F2B4552C6006CF409 /* SpotiftyViewModel.swift */,
			);
			path = ViewModels;
			sourceTree = "<group>";
		};
		D0D6AB282A85019E00D4CD17 /* Navigation */ = {
			isa = PBXGroup;
			children = (
				D0D6AB372A88E39800D4CD17 /* MenuNavigationView.swift */,
				D0D6AB392A88E3AD00D4CD17 /* MenuView.swift */,
			);
			path = Navigation;
			sourceTree = "<group>";
		};
		D0D6AB292A8501A600D4CD17 /* Models */ = {
			isa = PBXGroup;
			children = (
				D0D6AB3B2A88EBAB00D4CD17 /* MenuItem.swift */,
				D0660BDA2A8A33ED000C1A61 /* Song.swift */,
			);
			path = Models;
			sourceTree = "<group>";
		};
/* End PBXGroup section */

/* Begin PBXNativeTarget section */
		D0C621E829C1114F0018B359 /* music-library-extractor */ = {
			isa = PBXNativeTarget;
			buildConfigurationList = D0C621F829C111510018B359 /* Build configuration list for PBXNativeTarget "music-library-extractor" */;
			buildPhases = (
				D0C621E529C1114F0018B359 /* Sources */,
				D0C621E629C1114F0018B359 /* Frameworks */,
				D0C621E729C1114F0018B359 /* Resources */,
			);
			buildRules = (
			);
			dependencies = (
			);
			name = "music-library-extractor";
			packageProductDependencies = (
				D0F855F62A8B8F10005F7D08 /* CodableCSV */,
				D0B960C02B46E5B900E4B81E /* SpotifyAPI */,
			);
			productName = "music-library-extractor";
			productReference = D0C621E929C1114F0018B359 /* Music Library Extractor.app */;
			productType = "com.apple.product-type.application";
		};
/* End PBXNativeTarget section */

/* Begin PBXProject section */
		D0C621E129C1114F0018B359 /* Project object */ = {
			isa = PBXProject;
			attributes = {
				BuildIndependentTargetsInParallel = 1;
				LastSwiftUpdateCheck = 1420;
				LastUpgradeCheck = 1420;
				TargetAttributes = {
					D0C621E829C1114F0018B359 = {
						CreatedOnToolsVersion = 14.2;
					};
				};
			};
			buildConfigurationList = D0C621E429C1114F0018B359 /* Build configuration list for PBXProject "music-library-extractor" */;
			compatibilityVersion = "Xcode 14.0";
			developmentRegion = en;
			hasScannedForEncodings = 0;
			knownRegions = (
				en,
				Base,
			);
			mainGroup = D0C621E029C1114F0018B359;
			packageReferences = (
				D0F855F52A8B8F0F005F7D08 /* XCRemoteSwiftPackageReference "CodableCSV" */,
				D0B960BF2B46E5B900E4B81E /* XCRemoteSwiftPackageReference "SpotifyAPI" */,
			);
			productRefGroup = D0C621EA29C1114F0018B359 /* Products */;
			projectDirPath = "";
			projectRoot = "";
			targets = (
				D0C621E829C1114F0018B359 /* music-library-extractor */,
			);
		};
/* End PBXProject section */

/* Begin PBXResourcesBuildPhase section */
		D0C621E729C1114F0018B359 /* Resources */ = {
			isa = PBXResourcesBuildPhase;
			buildActionMask = 2147483647;
			files = (
				D0C621F429C111510018B359 /* Preview Assets.xcassets in Resources */,
				D0C621F129C111510018B359 /* Assets.xcassets in Resources */,
			);
			runOnlyForDeploymentPostprocessing = 0;
		};
/* End PBXResourcesBuildPhase section */

/* Begin PBXSourcesBuildPhase section */
		D0C621E529C1114F0018B359 /* Sources */ = {
			isa = PBXSourcesBuildPhase;
			buildActionMask = 2147483647;
			files = (
				D0D6AB3C2A88EBAB00D4CD17 /* MenuItem.swift in Sources */,
				D0660BD92A8A3013000C1A61 /* ExportViewViewModel.swift in Sources */,
				D0D6AB302A85053200D4CD17 /* ExportView.swift in Sources */,
				D0D6AB382A88E39800D4CD17 /* MenuNavigationView.swift in Sources */,
				D0C621EF29C1114F0018B359 /* ContentView.swift in Sources */,
				D0C45C5E2B454E5E006CF409 /* SpotifyView.swift in Sources */,
				D0C45C602B4552C6006CF409 /* SpotiftyViewModel.swift in Sources */,
				D0660BDB2A8A33ED000C1A61 /* Song.swift in Sources */,
				D0D6AB2E2A85052500D4CD17 /* ResultsView.swift in Sources */,
				D0D6AB3A2A88E3AD00D4CD17 /* MenuView.swift in Sources */,
				D0D6AB2C2A85050F00D4CD17 /* MainView.swift in Sources */,
				D0D6AB3E2A891B2900D4CD17 /* LibraryViewModel.swift in Sources */,
				D0C621ED29C1114F0018B359 /* music_library_extractorApp.swift in Sources */,
			);
			runOnlyForDeploymentPostprocessing = 0;
		};
/* End PBXSourcesBuildPhase section */

/* Begin XCBuildConfiguration section */
		D0C621F629C111510018B359 /* Debug */ = {
			isa = XCBuildConfiguration;
			buildSettings = {
				ALWAYS_SEARCH_USER_PATHS = NO;
				CLANG_ANALYZER_NONNULL = YES;
				CLANG_ANALYZER_NUMBER_OBJECT_CONVERSION = YES_AGGRESSIVE;
				CLANG_CXX_LANGUAGE_STANDARD = "gnu++20";
				CLANG_ENABLE_MODULES = YES;
				CLANG_ENABLE_OBJC_ARC = YES;
				CLANG_ENABLE_OBJC_WEAK = YES;
				CLANG_WARN_BLOCK_CAPTURE_AUTORELEASING = YES;
				CLANG_WARN_BOOL_CONVERSION = YES;
				CLANG_WARN_COMMA = YES;
				CLANG_WARN_CONSTANT_CONVERSION = YES;
				CLANG_WARN_DEPRECATED_OBJC_IMPLEMENTATIONS = YES;
				CLANG_WARN_DIRECT_OBJC_ISA_USAGE = YES_ERROR;
				CLANG_WARN_DOCUMENTATION_COMMENTS = YES;
				CLANG_WARN_EMPTY_BODY = YES;
				CLANG_WARN_ENUM_CONVERSION = YES;
				CLANG_WARN_INFINITE_RECURSION = YES;
				CLANG_WARN_INT_CONVERSION = YES;
				CLANG_WARN_NON_LITERAL_NULL_CONVERSION = YES;
				CLANG_WARN_OBJC_IMPLICIT_RETAIN_SELF = YES;
				CLANG_WARN_OBJC_LITERAL_CONVERSION = YES;
				CLANG_WARN_OBJC_ROOT_CLASS = YES_ERROR;
				CLANG_WARN_QUOTED_INCLUDE_IN_FRAMEWORK_HEADER = YES;
				CLANG_WARN_RANGE_LOOP_ANALYSIS = YES;
				CLANG_WARN_STRICT_PROTOTYPES = YES;
				CLANG_WARN_SUSPICIOUS_MOVE = YES;
				CLANG_WARN_UNGUARDED_AVAILABILITY = YES_AGGRESSIVE;
				CLANG_WARN_UNREACHABLE_CODE = YES;
				CLANG_WARN__DUPLICATE_METHOD_MATCH = YES;
				COPY_PHASE_STRIP = NO;
				DEBUG_INFORMATION_FORMAT = dwarf;
				ENABLE_STRICT_OBJC_MSGSEND = YES;
				ENABLE_TESTABILITY = YES;
				GCC_C_LANGUAGE_STANDARD = gnu11;
				GCC_DYNAMIC_NO_PIC = NO;
				GCC_NO_COMMON_BLOCKS = YES;
				GCC_OPTIMIZATION_LEVEL = 0;
				GCC_PREPROCESSOR_DEFINITIONS = (
					"DEBUG=1",
					"$(inherited)",
				);
				GCC_WARN_64_TO_32_BIT_CONVERSION = YES;
				GCC_WARN_ABOUT_RETURN_TYPE = YES_ERROR;
				GCC_WARN_UNDECLARED_SELECTOR = YES;
				GCC_WARN_UNINITIALIZED_AUTOS = YES_AGGRESSIVE;
				GCC_WARN_UNUSED_FUNCTION = YES;
				GCC_WARN_UNUSED_VARIABLE = YES;
				MACOSX_DEPLOYMENT_TARGET = 13.0;
				MTL_ENABLE_DEBUG_INFO = INCLUDE_SOURCE;
				MTL_FAST_MATH = YES;
				ONLY_ACTIVE_ARCH = YES;
				PRODUCT_NAME = "Music Library Extractor";
				SDKROOT = macosx;
				SWIFT_ACTIVE_COMPILATION_CONDITIONS = DEBUG;
				SWIFT_OPTIMIZATION_LEVEL = "-Onone";
			};
			name = Debug;
		};
		D0C621F729C111510018B359 /* Release */ = {
			isa = XCBuildConfiguration;
			buildSettings = {
				ALWAYS_SEARCH_USER_PATHS = NO;
				CLANG_ANALYZER_NONNULL = YES;
				CLANG_ANALYZER_NUMBER_OBJECT_CONVERSION = YES_AGGRESSIVE;
				CLANG_CXX_LANGUAGE_STANDARD = "gnu++20";
				CLANG_ENABLE_MODULES = YES;
				CLANG_ENABLE_OBJC_ARC = YES;
				CLANG_ENABLE_OBJC_WEAK = YES;
				CLANG_WARN_BLOCK_CAPTURE_AUTORELEASING = YES;
				CLANG_WARN_BOOL_CONVERSION = YES;
				CLANG_WARN_COMMA = YES;
				CLANG_WARN_CONSTANT_CONVERSION = YES;
				CLANG_WARN_DEPRECATED_OBJC_IMPLEMENTATIONS = YES;
				CLANG_WARN_DIRECT_OBJC_ISA_USAGE = YES_ERROR;
				CLANG_WARN_DOCUMENTATION_COMMENTS = YES;
				CLANG_WARN_EMPTY_BODY = YES;
				CLANG_WARN_ENUM_CONVERSION = YES;
				CLANG_WARN_INFINITE_RECURSION = YES;
				CLANG_WARN_INT_CONVERSION = YES;
				CLANG_WARN_NON_LITERAL_NULL_CONVERSION = YES;
				CLANG_WARN_OBJC_IMPLICIT_RETAIN_SELF = YES;
				CLANG_WARN_OBJC_LITERAL_CONVERSION = YES;
				CLANG_WARN_OBJC_ROOT_CLASS = YES_ERROR;
				CLANG_WARN_QUOTED_INCLUDE_IN_FRAMEWORK_HEADER = YES;
				CLANG_WARN_RANGE_LOOP_ANALYSIS = YES;
				CLANG_WARN_STRICT_PROTOTYPES = YES;
				CLANG_WARN_SUSPICIOUS_MOVE = YES;
				CLANG_WARN_UNGUARDED_AVAILABILITY = YES_AGGRESSIVE;
				CLANG_WARN_UNREACHABLE_CODE = YES;
				CLANG_WARN__DUPLICATE_METHOD_MATCH = YES;
				COPY_PHASE_STRIP = NO;
				DEBUG_INFORMATION_FORMAT = "dwarf-with-dsym";
				ENABLE_NS_ASSERTIONS = NO;
				ENABLE_STRICT_OBJC_MSGSEND = YES;
				ENABLE_TESTABILITY = YES;
				GCC_C_LANGUAGE_STANDARD = gnu11;
				GCC_NO_COMMON_BLOCKS = YES;
				GCC_WARN_64_TO_32_BIT_CONVERSION = YES;
				GCC_WARN_ABOUT_RETURN_TYPE = YES_ERROR;
				GCC_WARN_UNDECLARED_SELECTOR = YES;
				GCC_WARN_UNINITIALIZED_AUTOS = YES_AGGRESSIVE;
				GCC_WARN_UNUSED_FUNCTION = YES;
				GCC_WARN_UNUSED_VARIABLE = YES;
				MACOSX_DEPLOYMENT_TARGET = 13.0;
				MTL_ENABLE_DEBUG_INFO = NO;
				MTL_FAST_MATH = YES;
				PRODUCT_NAME = "Music Library Extractor";
				SDKROOT = macosx;
				SWIFT_COMPILATION_MODE = wholemodule;
				SWIFT_OPTIMIZATION_LEVEL = "-O";
			};
			name = Release;
		};
		D0C621F929C111510018B359 /* Debug */ = {
			isa = XCBuildConfiguration;
			buildSettings = {
				ASSETCATALOG_COMPILER_APPICON_NAME = "";
				"ASSETCATALOG_COMPILER_APPICON_NAME[sdk=macosx*]" = AppIcon;
				ASSETCATALOG_COMPILER_GLOBAL_ACCENT_COLOR_NAME = AccentColor;
				ASSETCATALOG_COMPILER_INCLUDE_ALL_APPICON_ASSETS = YES;
				CODE_SIGN_ENTITLEMENTS = "music-library-extractor/resources/music_library_extractor.entitlements";
				"CODE_SIGN_IDENTITY[sdk=macosx*]" = "Apple Development";
				CODE_SIGN_STYLE = Automatic;
				COMBINE_HIDPI_IMAGES = YES;
				CURRENT_PROJECT_VERSION = 1;
				DEVELOPMENT_ASSET_PATHS = "\"music-library-extractor/Preview Content\"";
				DEVELOPMENT_TEAM = X9V5547744;
				ENABLE_HARDENED_RUNTIME = YES;
				ENABLE_PREVIEWS = YES;
				GENERATE_INFOPLIST_FILE = YES;
				INFOPLIST_FILE = "music-library-extractor/Info.plist";
				INFOPLIST_KEY_CFBundleDisplayName = "Music Library Extractor";
				INFOPLIST_KEY_LSApplicationCategoryType = "public.app-category.utilities";
				INFOPLIST_KEY_NSHumanReadableCopyright = "";
				LD_RUNPATH_SEARCH_PATHS = (
					"$(inherited)",
					"@executable_path/../Frameworks",
				);
				MARKETING_VERSION = 1.0;
				PRODUCT_BUNDLE_IDENTIFIER = "com.ezrarubio.Music-Library-Extractor";
				PRODUCT_NAME = "Music Library Extractor";
				SWIFT_EMIT_LOC_STRINGS = YES;
				SWIFT_VERSION = 5.0;
			};
			name = Debug;
		};
		D0C621FA29C111510018B359 /* Release */ = {
			isa = XCBuildConfiguration;
			buildSettings = {
				ASSETCATALOG_COMPILER_APPICON_NAME = "";
				"ASSETCATALOG_COMPILER_APPICON_NAME[sdk=macosx*]" = AppIcon;
				ASSETCATALOG_COMPILER_GLOBAL_ACCENT_COLOR_NAME = AccentColor;
				ASSETCATALOG_COMPILER_INCLUDE_ALL_APPICON_ASSETS = YES;
				CODE_SIGN_ENTITLEMENTS = "music-library-extractor/resources/music_library_extractor.entitlements";
				"CODE_SIGN_IDENTITY[sdk=macosx*]" = "Apple Development";
				CODE_SIGN_STYLE = Automatic;
				COMBINE_HIDPI_IMAGES = YES;
				CURRENT_PROJECT_VERSION = 1;
				DEVELOPMENT_ASSET_PATHS = "\"music-library-extractor/Preview Content\"";
				DEVELOPMENT_TEAM = X9V5547744;
				ENABLE_HARDENED_RUNTIME = YES;
				ENABLE_PREVIEWS = YES;
				GENERATE_INFOPLIST_FILE = YES;
				INFOPLIST_FILE = "music-library-extractor/Info.plist";
				INFOPLIST_KEY_CFBundleDisplayName = "Music Library Extractor";
				INFOPLIST_KEY_LSApplicationCategoryType = "public.app-category.utilities";
				INFOPLIST_KEY_NSHumanReadableCopyright = "";
				LD_RUNPATH_SEARCH_PATHS = (
					"$(inherited)",
					"@executable_path/../Frameworks",
				);
				MARKETING_VERSION = 1.0;
				PRODUCT_BUNDLE_IDENTIFIER = "com.ezrarubio.Music-Library-Extractor";
				PRODUCT_NAME = "Music Library Extractor";
				SWIFT_EMIT_LOC_STRINGS = YES;
				SWIFT_VERSION = 5.0;
			};
			name = Release;
		};
/* End XCBuildConfiguration section */

/* Begin XCConfigurationList section */
		D0C621E429C1114F0018B359 /* Build configuration list for PBXProject "music-library-extractor" */ = {
			isa = XCConfigurationList;
			buildConfigurations = (
				D0C621F629C111510018B359 /* Debug */,
				D0C621F729C111510018B359 /* Release */,
			);
			defaultConfigurationIsVisible = 0;
			defaultConfigurationName = Release;
		};
		D0C621F829C111510018B359 /* Build configuration list for PBXNativeTarget "music-library-extractor" */ = {
			isa = XCConfigurationList;
			buildConfigurations = (
				D0C621F929C111510018B359 /* Debug */,
				D0C621FA29C111510018B359 /* Release */,
			);
			defaultConfigurationIsVisible = 0;
			defaultConfigurationName = Release;
		};
/* End XCConfigurationList section */

/* Begin XCRemoteSwiftPackageReference section */
		D0B960BF2B46E5B900E4B81E /* XCRemoteSwiftPackageReference "SpotifyAPI" */ = {
			isa = XCRemoteSwiftPackageReference;
			repositoryURL = "https://github.com/Peter-Schorn/SpotifyAPI.git";
			requirement = {
				kind = upToNextMajorVersion;
				minimumVersion = 2.2.4;
			};
		};
		D0F855F52A8B8F0F005F7D08 /* XCRemoteSwiftPackageReference "CodableCSV" */ = {
			isa = XCRemoteSwiftPackageReference;
			repositoryURL = "https://github.com/dehesa/CodableCSV.git";
			requirement = {
				kind = upToNextMajorVersion;
				minimumVersion = 0.6.7;
			};
		};
/* End XCRemoteSwiftPackageReference section */

/* Begin XCSwiftPackageProductDependency section */
		D0B960C02B46E5B900E4B81E /* SpotifyAPI */ = {
			isa = XCSwiftPackageProductDependency;
			package = D0B960BF2B46E5B900E4B81E /* XCRemoteSwiftPackageReference "SpotifyAPI" */;
			productName = SpotifyAPI;
		};
		D0F855F62A8B8F10005F7D08 /* CodableCSV */ = {
			isa = XCSwiftPackageProductDependency;
			package = D0F855F52A8B8F0F005F7D08 /* XCRemoteSwiftPackageReference "CodableCSV" */;
			productName = CodableCSV;
		};
/* End XCSwiftPackageProductDependency section */
	};
	rootObject = D0C621E129C1114F0018B359 /* Project object */;
}
